
Microsoft Visual Studio Solution File, Format Version 12.00
# Visual Studio Version 16
VisualStudioVersion = 16.0.29806.167
MinimumVisualStudioVersion = 10.0.40219.1
Project("{9A19103F-16F7-4668-BE54-9A1E7A4F7556}") = "ConsoleApp", "ConsoleApp\ConsoleApp.csproj", "{8C8DC1FC-8767-4979-B8CB-6DDD3D3BED96}"
EndProject
Project("{FAE04EC0-301F-11D3-BF4B-00C04F79EFBC}") = "GraProceduralnie", "GraProceduralnie\GraProceduralnie.csproj", "{EDD11339-A352-42C1-9A3B-DB45F9B811F5}"
EndProject
Project("{FAE04EC0-301F-11D3-BF4B-00C04F79EFBC}") = "ModelGry", "ModelGry\ModelGry.csproj", "{B699C5E1-014E-48D8-82FB-6B155EEF9755}"
EndProject
Global
	GlobalSection(SolutionConfigurationPlatforms) = preSolution
		Debug|Any CPU = Debug|Any CPU
		Release|Any CPU = Release|Any CPU
	EndGlobalSection
	GlobalSection(ProjectConfigurationPlatforms) = postSolution
		{8C8DC1FC-8767-4979-B8CB-6DDD3D3BED96}.Debug|Any CPU.ActiveCfg = Debug|Any CPU
		{8C8DC1FC-8767-4979-B8CB-6DDD3D3BED96}.Debug|Any CPU.Build.0 = Debug|Any CPU
		{8C8DC1FC-8767-4979-B8CB-6DDD3D3BED96}.Release|Any CPU.ActiveCfg = Release|Any CPU
		{8C8DC1FC-8767-4979-B8CB-6DDD3D3BED96}.Release|Any CPU.Build.0 = Release|Any CPU
		{EDD11339-A352-42C1-9A3B-DB45F9B811F5}.Debug|Any CPU.ActiveCfg = Debug|Any CPU
		{EDD11339-A352-42C1-9A3B-DB45F9B811F5}.Debug|Any CPU.Build.0 = Debug|Any CPU
		{EDD11339-A352-42C1-9A3B-DB45F9B811F5}.Release|Any CPU.ActiveCfg = Release|Any CPU
		{EDD11339-A352-42C1-9A3B-DB45F9B811F5}.Release|Any CPU.Build.0 = Release|Any CPU
		{B699C5E1-014E-48D8-82FB-6B155EEF9755}.Debug|Any CPU.ActiveCfg = Debug|Any CPU
		{B699C5E1-014E-48D8-82FB-6B155EEF9755}.Debug|Any CPU.Build.0 = Debug|Any CPU
		{B699C5E1-014E-48D8-82FB-6B155EEF9755}.Release|Any CPU.ActiveCfg = Release|Any CPU
		{B699C5E1-014E-48D8-82FB-6B155EEF9755}.Release|Any CPU.Build.0 = Release|Any CPU
	EndGlobalSection
	GlobalSection(SolutionProperties) = preSolution
		HideSolutionNode = FALSE
	EndGlobalSection
	GlobalSection(ExtensibilityGlobals) = postSolution
		SolutionGuid = {3F770EA9-372A-4BBC-A548-D1B32DE34789}
	EndGlobalSection
EndGlobal
